
Microsoft Visual Studio Solution File, Format Version 12.00
# Visual Studio 14
VisualStudioVersion = 14.0.25420.1
MinimumVisualStudioVersion = 10.0.40219.1
Project("{2150E333-8FDC-42A3-9474-1A3956D46DE8}") = "src", "src", "{513B3D9C-D493-44C0-AD75-3EF14029E61E}"
EndProject
Project("{2150E333-8FDC-42A3-9474-1A3956D46DE8}") = "tests", "tests", "{CA7092D2-4090-494C-B126-E7616A93B888}"
EndProject
Project("{FAE04EC0-301F-11D3-BF4B-00C04F79EFBC}") = "Cake.Gradle", "src\Cake.Gradle\Cake.Gradle.csproj", "{113FD33B-1E9F-49F7-8E3E-A0809F844A73}"
EndProject
Project("{FAE04EC0-301F-11D3-BF4B-00C04F79EFBC}") = "Cake.Gradle.Tests", "tests\Cake.Gradle.Tests\Cake.Gradle.Tests.csproj", "{3A57F26F-9CB0-4650-9E0A-EB72933889BB}"
EndProject
Global
	GlobalSection(SolutionConfigurationPlatforms) = preSolution
		Debug|Any CPU = Debug|Any CPU
		Release|Any CPU = Release|Any CPU
	EndGlobalSection
	GlobalSection(ProjectConfigurationPlatforms) = postSolution
		{113FD33B-1E9F-49F7-8E3E-A0809F844A73}.Debug|Any CPU.ActiveCfg = Debug|Any CPU
		{113FD33B-1E9F-49F7-8E3E-A0809F844A73}.Debug|Any CPU.Build.0 = Debug|Any CPU
		{113FD33B-1E9F-49F7-8E3E-A0809F844A73}.Release|Any CPU.ActiveCfg = Release|Any CPU
		{113FD33B-1E9F-49F7-8E3E-A0809F844A73}.Release|Any CPU.Build.0 = Release|Any CPU
		{3A57F26F-9CB0-4650-9E0A-EB72933889BB}.Debug|Any CPU.ActiveCfg = Debug|Any CPU
		{3A57F26F-9CB0-4650-9E0A-EB72933889BB}.Debug|Any CPU.Build.0 = Debug|Any CPU
		{3A57F26F-9CB0-4650-9E0A-EB72933889BB}.Release|Any CPU.ActiveCfg = Release|Any CPU
		{3A57F26F-9CB0-4650-9E0A-EB72933889BB}.Release|Any CPU.Build.0 = Release|Any CPU
	EndGlobalSection
	GlobalSection(SolutionProperties) = preSolution
		HideSolutionNode = FALSE
	EndGlobalSection
	GlobalSection(NestedProjects) = preSolution
		{113FD33B-1E9F-49F7-8E3E-A0809F844A73} = {513B3D9C-D493-44C0-AD75-3EF14029E61E}
		{3A57F26F-9CB0-4650-9E0A-EB72933889BB} = {CA7092D2-4090-494C-B126-E7616A93B888}
	EndGlobalSection
EndGlobal
